
Microsoft Visual Studio Solution File, Format Version 12.00
# Visual Studio Version 16
VisualStudioVersion = 16.0.30413.136
MinimumVisualStudioVersion = 10.0.40219.1
Project("{FAE04EC0-301F-11D3-BF4B-00C04F79EFBC}") = "tp1_laboratorio_2_C_Gabriel_Miranda", "tp1_laboratorio_2_C_Gabriel_Miranda\tp1_laboratorio_2_C_Gabriel_Miranda.csproj", "{63BCE2E6-F6BB-4F55-9953-819B36BDE013}"
EndProject
Project("{FAE04EC0-301F-11D3-BF4B-00C04F79EFBC}") = "Entidades", "Entidades\Entidades.csproj", "{70125C83-13BC-4343-A59B-630AC057AAAC}"
EndProject
Project("{FAE04EC0-301F-11D3-BF4B-00C04F79EFBC}") = "MiCalculadora", "MiCalculadora\MiCalculadora.csproj", "{AAF14EFD-5B86-4C38-9EB6-C479AFAD5498}"
EndProject
Global
	GlobalSection(SolutionConfigurationPlatforms) = preSolution
		Debug|Any CPU = Debug|Any CPU
		Release|Any CPU = Release|Any CPU
	EndGlobalSection
	GlobalSection(ProjectConfigurationPlatforms) = postSolution
		{63BCE2E6-F6BB-4F55-9953-819B36BDE013}.Debug|Any CPU.ActiveCfg = Debug|Any CPU
		{63BCE2E6-F6BB-4F55-9953-819B36BDE013}.Debug|Any CPU.Build.0 = Debug|Any CPU
		{63BCE2E6-F6BB-4F55-9953-819B36BDE013}.Release|Any CPU.ActiveCfg = Release|Any CPU
		{63BCE2E6-F6BB-4F55-9953-819B36BDE013}.Release|Any CPU.Build.0 = Release|Any CPU
		{70125C83-13BC-4343-A59B-630AC057AAAC}.Debug|Any CPU.ActiveCfg = Debug|Any CPU
		{70125C83-13BC-4343-A59B-630AC057AAAC}.Debug|Any CPU.Build.0 = Debug|Any CPU
		{70125C83-13BC-4343-A59B-630AC057AAAC}.Release|Any CPU.ActiveCfg = Release|Any CPU
		{70125C83-13BC-4343-A59B-630AC057AAAC}.Release|Any CPU.Build.0 = Release|Any CPU
		{AAF14EFD-5B86-4C38-9EB6-C479AFAD5498}.Debug|Any CPU.ActiveCfg = Debug|Any CPU
		{AAF14EFD-5B86-4C38-9EB6-C479AFAD5498}.Debug|Any CPU.Build.0 = Debug|Any CPU
		{AAF14EFD-5B86-4C38-9EB6-C479AFAD5498}.Release|Any CPU.ActiveCfg = Release|Any CPU
		{AAF14EFD-5B86-4C38-9EB6-C479AFAD5498}.Release|Any CPU.Build.0 = Release|Any CPU
	EndGlobalSection
	GlobalSection(SolutionProperties) = preSolution
		HideSolutionNode = FALSE
	EndGlobalSection
	GlobalSection(ExtensibilityGlobals) = postSolution
		SolutionGuid = {B10AC117-CCA3-4DF6-BBCC-64CD45CF519D}
	EndGlobalSection
EndGlobal
